
Microsoft Visual Studio Solution File, Format Version 11.00
# Visual Studio 2010
Project("{FAE04EC0-301F-11D3-BF4B-00C04F79EFBC}") = "screensaver-settings", "screensaver-settings\screensaver-settings.csproj", "{952D4222-4B52-4A82-8B70-8E9C78D48924}"
EndProject
Project("{9344bdbb-3e7f-41fc-a0dd-8665d75ee146}") = "sss-packaging", "sss-packaging\sss-packaging.mdproj", "{236D76DC-4FA8-433B-8422-517AD41C3D0C}"
EndProject
Global
	GlobalSection(SolutionConfigurationPlatforms) = preSolution
		Debug|Any CPU = Debug|Any CPU
		Release|Any CPU = Release|Any CPU
	EndGlobalSection
	GlobalSection(ProjectConfigurationPlatforms) = postSolution
		{236D76DC-4FA8-433B-8422-517AD41C3D0C}.Debug|Any CPU.ActiveCfg = Debug|Any CPU
		{236D76DC-4FA8-433B-8422-517AD41C3D0C}.Release|Any CPU.ActiveCfg = Release|Any CPU
		{952D4222-4B52-4A82-8B70-8E9C78D48924}.Debug|Any CPU.ActiveCfg = Debug|Any CPU
		{952D4222-4B52-4A82-8B70-8E9C78D48924}.Debug|Any CPU.Build.0 = Debug|Any CPU
		{952D4222-4B52-4A82-8B70-8E9C78D48924}.Release|Any CPU.ActiveCfg = Release|Any CPU
		{952D4222-4B52-4A82-8B70-8E9C78D48924}.Release|Any CPU.Build.0 = Release|Any CPU
	EndGlobalSection
	GlobalSection(MonoDevelopProperties) = preSolution
		StartupItem = screensaver-settings\screensaver-settings.csproj
		Policies = $0
		$0.StandardHeader = $1
		$1.Text = 
		$1.IncludeInNewFiles = True
		description = Screensaver Settings for Gnome
		version = 0.4.1
		outputpath = build\bin\
		releaseversion = 0.2.3
		name = screensaver-settings
		MonoDevelop.ChangeLogAddIn.ChangeLogInfo = $2
		$2.policy = OneChangeLogInProjectRootDirectory
	EndGlobalSection
EndGlobal
